
Microsoft Visual Studio Solution File, Format Version 12.00
# Visual Studio 15
VisualStudioVersion = 15.0.26730.16
MinimumVisualStudioVersion = 10.0.40219.1
Project("{8BC9CEB8-8B4A-11D0-8D11-00A0C91BC942}") = "Aquarium", "Aquarium\Aquarium.vcxproj", "{C8399DBA-FD15-4903-8CC9-D2AEE6C2B737}"
	ProjectSection(ProjectDependencies) = postProject
		{C32FB2B4-500C-43CD-A099-EECCE079D3F1} = {C32FB2B4-500C-43CD-A099-EECCE079D3F1}
	EndProjectSection
EndProject
Project("{8BC9CEB8-8B4A-11D0-8D11-00A0C91BC942}") = "SOIL", "SOIL\projects\VC9\SOIL.vcxproj", "{C32FB2B4-500C-43CD-A099-EECCE079D3F1}"
EndProject
Global
	GlobalSection(SolutionConfigurationPlatforms) = preSolution
		Debug|Win32 = Debug|Win32
		Debug|x64 = Debug|x64
		Release|Win32 = Release|Win32
		Release|x64 = Release|x64
	EndGlobalSection
	GlobalSection(ProjectConfigurationPlatforms) = postSolution
		{C8399DBA-FD15-4903-8CC9-D2AEE6C2B737}.Debug|Win32.ActiveCfg = Release|x64
		{C8399DBA-FD15-4903-8CC9-D2AEE6C2B737}.Debug|Win32.Build.0 = Release|x64
		{C8399DBA-FD15-4903-8CC9-D2AEE6C2B737}.Debug|x64.ActiveCfg = Debug|x64
		{C8399DBA-FD15-4903-8CC9-D2AEE6C2B737}.Debug|x64.Build.0 = Debug|x64
		{C8399DBA-FD15-4903-8CC9-D2AEE6C2B737}.Release|Win32.ActiveCfg = Release|Win32
		{C8399DBA-FD15-4903-8CC9-D2AEE6C2B737}.Release|Win32.Build.0 = Release|Win32
		{C8399DBA-FD15-4903-8CC9-D2AEE6C2B737}.Release|x64.ActiveCfg = Release|x64
		{C8399DBA-FD15-4903-8CC9-D2AEE6C2B737}.Release|x64.Build.0 = Release|x64
		{C32FB2B4-500C-43CD-A099-EECCE079D3F1}.Debug|Win32.ActiveCfg = Release|x64
		{C32FB2B4-500C-43CD-A099-EECCE079D3F1}.Debug|Win32.Build.0 = Release|x64
		{C32FB2B4-500C-43CD-A099-EECCE079D3F1}.Debug|x64.ActiveCfg = Debug|x64
		{C32FB2B4-500C-43CD-A099-EECCE079D3F1}.Debug|x64.Build.0 = Debug|x64
		{C32FB2B4-500C-43CD-A099-EECCE079D3F1}.Release|Win32.ActiveCfg = Release|Win32
		{C32FB2B4-500C-43CD-A099-EECCE079D3F1}.Release|Win32.Build.0 = Release|Win32
		{C32FB2B4-500C-43CD-A099-EECCE079D3F1}.Release|x64.ActiveCfg = Release|x64
		{C32FB2B4-500C-43CD-A099-EECCE079D3F1}.Release|x64.Build.0 = Release|x64
	EndGlobalSection
	GlobalSection(SolutionProperties) = preSolution
		HideSolutionNode = FALSE
	EndGlobalSection
	GlobalSection(ExtensibilityGlobals) = postSolution
		SolutionGuid = {1894E161-1B18-40D2-96DB-AC9B212AA683}
	EndGlobalSection
EndGlobal
