<?xml version="1.0" encoding="utf-8"?>
<Project ToolsVersion="4.0" xmlns="http://schemas.microsoft.com/developer/msbuild/2003">
  <ItemGroup>
    <Filter Include="Source Files">
      <UniqueIdentifier>{4FC737F1-C7A5-4376-A066-2A32D752A2FF}</UniqueIdentifier>
      <Extensions>cpp;c;cc;cxx;def;odl;idl;hpj;bat;asm;asmx</Extensions>
    </Filter>
    <Filter Include="Header Files">
      <UniqueIdentifier>{93995380-89BD-4b04-88EB-625FBE52EBFB}</UniqueIdentifier>
      <Extensions>h;hh;hpp;hxx;hm;inl;inc;xsd</Extensions>
    </Filter>
    <Filter Include="Resource Files">
      <UniqueIdentifier>{67DA6AB6-F800-4c08-8B7A-83BB121AAD01}</UniqueIdentifier>
      <Extensions>rc;ico;cur;bmp;dlg;rc2;rct;bin;rgs;gif;jpg;jpeg;jpe;resx;tiff;tif;png;wav;mfcribbon-ms</Extensions>
    </Filter>
    <Filter Include="Source Files\shaders">
      <UniqueIdentifier>{267ceeb7-f25a-4545-af1a-408248c8b759}</UniqueIdentifier>
    </Filter>
  </ItemGroup>
  <ItemGroup>
    <ClCompile Include="Main.cpp">
      <Filter>Source Files</Filter>
    </ClCompile>
    <ClCompile Include="Scene.cpp">
      <Filter>Source Files</Filter>
    </ClCompile>
    <ClCompile Include="Texture.cpp">
      <Filter>Source Files</Filter>
    </ClCompile>
    <ClCompile Include="AttribBuffer.cpp">
      <Filter>Source Files</Filter>
    </ClCompile>
    <ClCompile Include="Model.cpp">
      <Filter>Source Files</Filter>
    </ClCompile>
    <ClCompile Include="Buffer.cpp">
      <Filter>Source Files</Filter>
    </ClCompile>
    <ClCompile Include="Program.cpp">
      <Filter>Source Files</Filter>
    </ClCompile>
    <ClCompile Include="Uniform.cpp">
      <Filter>Source Files</Filter>
    </ClCompile>
    <ClCompile Include="Primitives.cpp">
      <Filter>Source Files</Filter>
    </ClCompile>
    <ClCompile Include="FPSTimer.cpp">
      <Filter>Source Files</Filter>
    </ClCompile>
  </ItemGroup>
  <ItemGroup>
    <None Include="packages.config" />
    <None Include="shaders\diffuseFragmentShader">
      <Filter>Source Files\shaders</Filter>
    </None>
    <None Include="shaders\diffuseVertexShader">
      <Filter>Source Files\shaders</Filter>
    </None>
    <None Include="shaders\fishNormalMapFragmentShader">
      <Filter>Source Files\shaders</Filter>
    </None>
    <None Include="shaders\fishReflectionFragmentShader">
      <Filter>Source Files\shaders</Filter>
    </None>
    <None Include="shaders\fishVertexShader">
      <Filter>Source Files\shaders</Filter>
    </None>
    <None Include="shaders\innerRefractionMapFragmentShader">
      <Filter>Source Files\shaders</Filter>
    </None>
    <None Include="shaders\innerRefractionMapVertexShader">
      <Filter>Source Files\shaders</Filter>
    </None>
    <None Include="shaders\laserFragmentShader">
      <Filter>Source Files\shaders</Filter>
    </None>
    <None Include="shaders\laserVertexShader">
      <Filter>Source Files\shaders</Filter>
    </None>
    <None Include="shaders\normalMapFragmentShader">
      <Filter>Source Files\shaders</Filter>
    </None>
    <None Include="shaders\normalMapVertexShader">
      <Filter>Source Files\shaders</Filter>
    </None>
    <None Include="shaders\outerRefractionMapFragmentShader">
      <Filter>Source Files\shaders</Filter>
    </None>
    <None Include="shaders\outerRefractionMapVertexShader">
      <Filter>Source Files\shaders</Filter>
    </None>
    <None Include="shaders\particleSystemFragmentShader">
      <Filter>Source Files\shaders</Filter>
    </None>
    <None Include="shaders\particleSystemVertexShader">
      <Filter>Source Files\shaders</Filter>
    </None>
    <None Include="shaders\particleSystemVertexShader2">
      <Filter>Source Files\shaders</Filter>
    </None>
    <None Include="shaders\reflectionMapFragmentShader">
      <Filter>Source Files\shaders</Filter>
    </None>
    <None Include="shaders\reflectionMapVertexShader">
      <Filter>Source Files\shaders</Filter>
    </None>
    <None Include="shaders\refractSkyboxVertexShader">
      <Filter>Source Files\shaders</Filter>
    </None>
    <None Include="shaders\seaweedFragmentShader">
      <Filter>Source Files\shaders</Filter>
    </None>
    <None Include="shaders\seaweedVertexShader">
      <Filter>Source Files\shaders</Filter>
    </None>
    <None Include="shaders\skyboxFragmentShader">
      <Filter>Source Files\shaders</Filter>
    </None>
    <None Include="shaders\skyboxVertexShader">
      <Filter>Source Files\shaders</Filter>
    </None>
    <None Include="shaders\texFragmentShader">
      <Filter>Source Files\shaders</Filter>
    </None>
    <None Include="shaders\texVertexShader">
      <Filter>Source Files\shaders</Filter>
    </None>
  </ItemGroup>
  <ItemGroup>
    <ClInclude Include="resource1.h">
      <Filter>Header Files</Filter>
    </ClInclude>
    <ClInclude Include="Globals.h">
      <Filter>Source Files</Filter>
    </ClInclude>
    <ClInclude Include="Scene.h">
      <Filter>Source Files</Filter>
    </ClInclude>
    <ClInclude Include="Texture.h">
      <Filter>Source Files</Filter>
    </ClInclude>
    <ClInclude Include="AttribBuffer.h">
      <Filter>Source Files</Filter>
    </ClInclude>
    <ClInclude Include="Model.h">
      <Filter>Source Files</Filter>
    </ClInclude>
    <ClInclude Include="Buffer.h">
      <Filter>Source Files</Filter>
    </ClInclude>
    <ClInclude Include="Program.h">
      <Filter>Source Files</Filter>
    </ClInclude>
    <ClInclude Include="Uniform.h">
      <Filter>Source Files</Filter>
    </ClInclude>
    <ClInclude Include="Extent.h">
      <Filter>Source Files</Filter>
    </ClInclude>
    <ClInclude Include="Primitives.h">
      <Filter>Source Files</Filter>
    </ClInclude>
    <ClInclude Include="Matrix.h">
      <Filter>Source Files</Filter>
    </ClInclude>
    <ClInclude Include="FPSTimer.h">
      <Filter>Source Files</Filter>
    </ClInclude>
    <ClInclude Include="ASSERT.h">
      <Filter>Source Files</Filter>
    </ClInclude>
  </ItemGroup>
</Project>